<?xml version="1.0" encoding="utf-8"?>
<Project ToolsVersion="4.0" xmlns="http://schemas.microsoft.com/developer/msbuild/2003">
  <ItemGroup>
    <Filter Include="Source Files">
      <UniqueIdentifier>{4FC737F1-C7A5-4376-A066-2A32D752A2FF}</UniqueIdentifier>
      <Extensions>cpp;c;cc;cxx;def;odl;idl;hpj;bat;asm;asmx</Extensions>
    </Filter>
    <Filter Include="Header Files">
      <UniqueIdentifier>{93995380-89BD-4b04-88EB-625FBE52EBFB}</UniqueIdentifier>
      <Extensions>h;hh;hpp;hxx;hm;inl;inc;ipp;xsd</Extensions>
    </Filter>
    <Filter Include="Resource Files">
      <UniqueIdentifier>{67DA6AB6-F800-4c08-8B7A-83BB121AAD01}</UniqueIdentifier>
      <Extensions>rc;ico;cur;bmp;dlg;rc2;rct;bin;rgs;gif;jpg;jpeg;jpe;resx;tiff;tif;png;wav;mfcribbon-ms</Extensions>
    </Filter>
    <Filter Include="Source Files\Support-Libraries">
      <UniqueIdentifier>{81822891-44e4-4db9-b638-1d85e5b7027b}</UniqueIdentifier>
    </Filter>
    <Filter Include="Source Files\Support-Libraries\GenericBuffer">
      <UniqueIdentifier>{cc87321c-2ee0-4b61-898b-e148d7cdac30}</UniqueIdentifier>
    </Filter>
    <Filter Include="Source Files\FileSystem">
      <UniqueIdentifier>{45865a5c-e3a3-4abb-a8f9-0d53e8fca2c7}</UniqueIdentifier>
    </Filter>
    <Filter Include="Source Files\Support-Libraries\LinkedList">
      <UniqueIdentifier>{afe75894-dd79-42b5-8705-48327c3156da}</UniqueIdentifier>
    </Filter>
  </ItemGroup>
  <ItemGroup>
    <ClCompile Include="FileSystem\diskio.c">
      <Filter>Source Files\FileSystem</Filter>
    </ClCompile>
    <ClCompile Include="FileSystem\ff.c">
      <Filter>Source Files\FileSystem</Filter>
    </ClCompile>
    <ClCompile Include="FileSystem\ffsystem.c">
      <Filter>Source Files\FileSystem</Filter>
    </ClCompile>
    <ClCompile Include="FileSystem\ffunicode.c">
      <Filter>Source Files\FileSystem</Filter>
    </ClCompile>
    <ClCompile Include="SupportLibraries\GenericBuffer\GenericBuffer.c">
      <Filter>Source Files\Support-Libraries\GenericBuffer</Filter>
    </ClCompile>
    <ClCompile Include="SupportLibraries\LinkedList\LinkedList.c">
      <Filter>Source Files\Support-Libraries\LinkedList</Filter>
    </ClCompile>
    <ClCompile Include="main.c">
      <Filter>Source Files</Filter>
    </ClCompile>
  </ItemGroup>
  <ItemGroup>
    <ClInclude Include="FileSystem\diskio.h">
      <Filter>Source Files\FileSystem</Filter>
    </ClInclude>
    <ClInclude Include="FileSystem\ff.h">
      <Filter>Source Files\FileSystem</Filter>
    </ClInclude>
    <ClInclude Include="FileSystem\ffconf.h">
      <Filter>Source Files\FileSystem</Filter>
    </ClInclude>
    <ClInclude Include="SupportLibraries\GenericTypeDefs.h">
      <Filter>Source Files\Support-Libraries</Filter>
    </ClInclude>
    <ClInclude Include="SupportLibraries\GenericBuffer\GenericBuffer.h">
      <Filter>Source Files\Support-Libraries\GenericBuffer</Filter>
    </ClInclude>
    <ClInclude Include="SupportLibraries\GenericBuffer\GenericBufferConfig.h">
      <Filter>Source Files\Support-Libraries\GenericBuffer</Filter>
    </ClInclude>
    <ClInclude Include="SupportLibraries\GenericBuffer\GenericBufferObject.h">
      <Filter>Source Files\Support-Libraries\GenericBuffer</Filter>
    </ClInclude>
    <ClInclude Include="SupportLibraries\LinkedList\LinkedList.h">
      <Filter>Source Files\Support-Libraries\LinkedList</Filter>
    </ClInclude>
    <ClInclude Include="SupportLibraries\LinkedList\LinkedListConfig.h">
      <Filter>Source Files\Support-Libraries\LinkedList</Filter>
    </ClInclude>
    <ClInclude Include="SupportLibraries\LinkedList\LinkedListObject.h">
      <Filter>Source Files\Support-Libraries\LinkedList</Filter>
    </ClInclude>
  </ItemGroup>
</Project>